// !$*UTF8*$!
{
	archiveVersion = 1;
	classes = {
	};
	objectVersion = 51;
	objects = {

/* Begin PBXBuildFile section */
		A7ADA81C269098B3002B1CB5 /* AppDelegate.swift in Sources */ = {isa = PBXBuildFile; fileRef = A7ADA81B269098B3002B1CB5 /* AppDelegate.swift */; };
		A7ADA825269098B6002B1CB5 /* Assets.xcassets in Resources */ = {isa = PBXBuildFile; fileRef = A7ADA824269098B6002B1CB5 /* Assets.xcassets */; };
		A7ADA828269098B6002B1CB5 /* LaunchScreen.storyboard in Resources */ = {isa = PBXBuildFile; fileRef = A7ADA826269098B6002B1CB5 /* LaunchScreen.storyboard */; };
		A7ADA8332690992A002B1CB5 /* PremierLeagueVC.swift in Sources */ = {isa = PBXBuildFile; fileRef = A7ADA8312690992A002B1CB5 /* PremierLeagueVC.swift */; };
		A7ADA8342690992A002B1CB5 /* PremierLeagueVC.xib in Resources */ = {isa = PBXBuildFile; fileRef = A7ADA8322690992A002B1CB5 /* PremierLeagueVC.xib */; };
		A7ADA83C26909B29002B1CB5 /* TeamCell.swift in Sources */ = {isa = PBXBuildFile; fileRef = A7ADA83A26909B28002B1CB5 /* TeamCell.swift */; };
		A7ADA83D26909B29002B1CB5 /* TeamCell.xib in Resources */ = {isa = PBXBuildFile; fileRef = A7ADA83B26909B28002B1CB5 /* TeamCell.xib */; };
		A7ADA84126909D23002B1CB5 /* TeamInfoVC.swift in Sources */ = {isa = PBXBuildFile; fileRef = A7ADA83F26909D23002B1CB5 /* TeamInfoVC.swift */; };
		A7ADA84226909D23002B1CB5 /* TeamInfoVC.xib in Resources */ = {isa = PBXBuildFile; fileRef = A7ADA84026909D23002B1CB5 /* TeamInfoVC.xib */; };
		A7ADA8442690A718002B1CB5 /* TeamModel.swift in Sources */ = {isa = PBXBuildFile; fileRef = A7ADA8432690A718002B1CB5 /* TeamModel.swift */; };
		A7ADA8462690A724002B1CB5 /* PlayerModel.swift in Sources */ = {isa = PBXBuildFile; fileRef = A7ADA8452690A724002B1CB5 /* PlayerModel.swift */; };
		A7ADA8482690A962002B1CB5 /* PremierLeagueInteractor.swift in Sources */ = {isa = PBXBuildFile; fileRef = A7ADA8472690A962002B1CB5 /* PremierLeagueInteractor.swift */; };
		A7ADA84B2690A97E002B1CB5 /* PremierLeaguePresenter.swift in Sources */ = {isa = PBXBuildFile; fileRef = A7ADA84A2690A97E002B1CB5 /* PremierLeaguePresenter.swift */; };
		A7ADA84D2690A9A9002B1CB5 /* PremierLeagueRouter.swift in Sources */ = {isa = PBXBuildFile; fileRef = A7ADA84C2690A9A9002B1CB5 /* PremierLeagueRouter.swift */; };
		A7ADA84F2690AA08002B1CB5 /* PremierLeagueProtocol.swift in Sources */ = {isa = PBXBuildFile; fileRef = A7ADA84E2690AA08002B1CB5 /* PremierLeagueProtocol.swift */; };
		A7ADA8532690FFAA002B1CB5 /* RemoteLeagueTeamsWorker.swift in Sources */ = {isa = PBXBuildFile; fileRef = A7ADA8522690FFAA002B1CB5 /* RemoteLeagueTeamsWorker.swift */; };
		A7ADA8552690FFFB002B1CB5 /* Constants.swift in Sources */ = {isa = PBXBuildFile; fileRef = A7ADA8542690FFFB002B1CB5 /* Constants.swift */; };
		A7ADA85E26910997002B1CB5 /* MoyaHelpers.swift in Sources */ = {isa = PBXBuildFile; fileRef = A7ADA85D26910997002B1CB5 /* MoyaHelpers.swift */; };
		A7ADA86026910A18002B1CB5 /* TeamsService.swift in Sources */ = {isa = PBXBuildFile; fileRef = A7ADA85F26910A18002B1CB5 /* TeamsService.swift */; };
		A7ADA86226911664002B1CB5 /* AppError.swift in Sources */ = {isa = PBXBuildFile; fileRef = A7ADA86126911664002B1CB5 /* AppError.swift */; };
		A7ADA864269126C7002B1CB5 /* NetworkManger.swift in Sources */ = {isa = PBXBuildFile; fileRef = A7ADA863269126C7002B1CB5 /* NetworkManger.swift */; };
		A7ADA86626913E40002B1CB5 /* SVGImgProcessor.swift in Sources */ = {isa = PBXBuildFile; fileRef = A7ADA86526913E40002B1CB5 /* SVGImgProcessor.swift */; };
		A7ADA86A2691AB79002B1CB5 /* UIIViewController+EX.swift in Sources */ = {isa = PBXBuildFile; fileRef = A7ADA8692691AB79002B1CB5 /* UIIViewController+EX.swift */; };
		A7ADA86D2691AC17002B1CB5 /* AppHelper.swift in Sources */ = {isa = PBXBuildFile; fileRef = A7ADA86C2691AC17002B1CB5 /* AppHelper.swift */; };
		B9ECE176EE8525EEC297E853 /* Pods_Football_League.framework in Frameworks */ = {isa = PBXBuildFile; fileRef = 05064623BA5C2DF3BA3902E9 /* Pods_Football_League.framework */; };
/* End PBXBuildFile section */

/* Begin PBXFileReference section */
		05064623BA5C2DF3BA3902E9 /* Pods_Football_League.framework */ = {isa = PBXFileReference; explicitFileType = wrapper.framework; includeInIndex = 0; path = Pods_Football_League.framework; sourceTree = BUILT_PRODUCTS_DIR; };
		061D054781B6A20EAA753033 /* Pods-Football-League.debug.xcconfig */ = {isa = PBXFileReference; includeInIndex = 1; lastKnownFileType = text.xcconfig; name = "Pods-Football-League.debug.xcconfig"; path = "Target Support Files/Pods-Football-League/Pods-Football-League.debug.xcconfig"; sourceTree = "<group>"; };
		A7ADA818269098B3002B1CB5 /* Football-League.app */ = {isa = PBXFileReference; explicitFileType = wrapper.application; includeInIndex = 0; path = "Football-League.app"; sourceTree = BUILT_PRODUCTS_DIR; };
		A7ADA81B269098B3002B1CB5 /* AppDelegate.swift */ = {isa = PBXFileReference; lastKnownFileType = sourcecode.swift; path = AppDelegate.swift; sourceTree = "<group>"; };
		A7ADA824269098B6002B1CB5 /* Assets.xcassets */ = {isa = PBXFileReference; lastKnownFileType = folder.assetcatalog; path = Assets.xcassets; sourceTree = "<group>"; };
		A7ADA827269098B6002B1CB5 /* Base */ = {isa = PBXFileReference; lastKnownFileType = file.storyboard; name = Base; path = Base.lproj/LaunchScreen.storyboard; sourceTree = "<group>"; };
		A7ADA829269098B6002B1CB5 /* Info.plist */ = {isa = PBXFileReference; lastKnownFileType = text.plist.xml; path = Info.plist; sourceTree = "<group>"; };
		A7ADA8312690992A002B1CB5 /* PremierLeagueVC.swift */ = {isa = PBXFileReference; lastKnownFileType = sourcecode.swift; path = PremierLeagueVC.swift; sourceTree = "<group>"; };
		A7ADA8322690992A002B1CB5 /* PremierLeagueVC.xib */ = {isa = PBXFileReference; lastKnownFileType = file.xib; path = PremierLeagueVC.xib; sourceTree = "<group>"; };
		A7ADA83A26909B28002B1CB5 /* TeamCell.swift */ = {isa = PBXFileReference; lastKnownFileType = sourcecode.swift; path = TeamCell.swift; sourceTree = "<group>"; };
		A7ADA83B26909B28002B1CB5 /* TeamCell.xib */ = {isa = PBXFileReference; lastKnownFileType = file.xib; path = TeamCell.xib; sourceTree = "<group>"; };
		A7ADA83F26909D23002B1CB5 /* TeamInfoVC.swift */ = {isa = PBXFileReference; lastKnownFileType = sourcecode.swift; path = TeamInfoVC.swift; sourceTree = "<group>"; };
		A7ADA84026909D23002B1CB5 /* TeamInfoVC.xib */ = {isa = PBXFileReference; lastKnownFileType = file.xib; path = TeamInfoVC.xib; sourceTree = "<group>"; };
		A7ADA8432690A718002B1CB5 /* TeamModel.swift */ = {isa = PBXFileReference; lastKnownFileType = sourcecode.swift; path = TeamModel.swift; sourceTree = "<group>"; };
		A7ADA8452690A724002B1CB5 /* PlayerModel.swift */ = {isa = PBXFileReference; lastKnownFileType = sourcecode.swift; path = PlayerModel.swift; sourceTree = "<group>"; };
		A7ADA8472690A962002B1CB5 /* PremierLeagueInteractor.swift */ = {isa = PBXFileReference; lastKnownFileType = sourcecode.swift; path = PremierLeagueInteractor.swift; sourceTree = "<group>"; };
		A7ADA84A2690A97E002B1CB5 /* PremierLeaguePresenter.swift */ = {isa = PBXFileReference; lastKnownFileType = sourcecode.swift; path = PremierLeaguePresenter.swift; sourceTree = "<group>"; };
		A7ADA84C2690A9A9002B1CB5 /* PremierLeagueRouter.swift */ = {isa = PBXFileReference; lastKnownFileType = sourcecode.swift; path = PremierLeagueRouter.swift; sourceTree = "<group>"; };
		A7ADA84E2690AA08002B1CB5 /* PremierLeagueProtocol.swift */ = {isa = PBXFileReference; lastKnownFileType = sourcecode.swift; path = PremierLeagueProtocol.swift; sourceTree = "<group>"; };
		A7ADA8522690FFAA002B1CB5 /* RemoteLeagueTeamsWorker.swift */ = {isa = PBXFileReference; lastKnownFileType = sourcecode.swift; path = RemoteLeagueTeamsWorker.swift; sourceTree = "<group>"; };
		A7ADA8542690FFFB002B1CB5 /* Constants.swift */ = {isa = PBXFileReference; lastKnownFileType = sourcecode.swift; path = Constants.swift; sourceTree = "<group>"; };
		A7ADA85D26910997002B1CB5 /* MoyaHelpers.swift */ = {isa = PBXFileReference; lastKnownFileType = sourcecode.swift; path = MoyaHelpers.swift; sourceTree = "<group>"; };
		A7ADA85F26910A18002B1CB5 /* TeamsService.swift */ = {isa = PBXFileReference; lastKnownFileType = sourcecode.swift; path = TeamsService.swift; sourceTree = "<group>"; };
		A7ADA86126911664002B1CB5 /* AppError.swift */ = {isa = PBXFileReference; lastKnownFileType = sourcecode.swift; path = AppError.swift; sourceTree = "<group>"; };
		A7ADA863269126C7002B1CB5 /* NetworkManger.swift */ = {isa = PBXFileReference; lastKnownFileType = sourcecode.swift; path = NetworkManger.swift; sourceTree = "<group>"; };
		A7ADA86526913E40002B1CB5 /* SVGImgProcessor.swift */ = {isa = PBXFileReference; lastKnownFileType = sourcecode.swift; path = SVGImgProcessor.swift; sourceTree = "<group>"; };
		A7ADA8692691AB79002B1CB5 /* UIIViewController+EX.swift */ = {isa = PBXFileReference; lastKnownFileType = sourcecode.swift; path = "UIIViewController+EX.swift"; sourceTree = "<group>"; };
		A7ADA86C2691AC17002B1CB5 /* AppHelper.swift */ = {isa = PBXFileReference; lastKnownFileType = sourcecode.swift; path = AppHelper.swift; sourceTree = "<group>"; };
		CAAB33BD193DADCA3160250C /* Pods-Football-League.release.xcconfig */ = {isa = PBXFileReference; includeInIndex = 1; lastKnownFileType = text.xcconfig; name = "Pods-Football-League.release.xcconfig"; path = "Target Support Files/Pods-Football-League/Pods-Football-League.release.xcconfig"; sourceTree = "<group>"; };
/* End PBXFileReference section */

/* Begin PBXFrameworksBuildPhase section */
		A7ADA815269098B3002B1CB5 /* Frameworks */ = {
			isa = PBXFrameworksBuildPhase;
			buildActionMask = 2147483647;
			files = (
				B9ECE176EE8525EEC297E853 /* Pods_Football_League.framework in Frameworks */,
			);
			runOnlyForDeploymentPostprocessing = 0;
		};
/* End PBXFrameworksBuildPhase section */

/* Begin PBXGroup section */
		6AE65F2EF16E4136556884A4 /* Pods */ = {
			isa = PBXGroup;
			children = (
				061D054781B6A20EAA753033 /* Pods-Football-League.debug.xcconfig */,
				CAAB33BD193DADCA3160250C /* Pods-Football-League.release.xcconfig */,
			);
			path = Pods;
			sourceTree = "<group>";
		};
		A7ADA80F269098B3002B1CB5 = {
			isa = PBXGroup;
			children = (
				A7ADA81A269098B3002B1CB5 /* Football-League */,
				A7ADA819269098B3002B1CB5 /* Products */,
				6AE65F2EF16E4136556884A4 /* Pods */,
				E7DCDEC78C44B02F129719AC /* Frameworks */,
			);
			sourceTree = "<group>";
		};
		A7ADA819269098B3002B1CB5 /* Products */ = {
			isa = PBXGroup;
			children = (
				A7ADA818269098B3002B1CB5 /* Football-League.app */,
			);
			name = Products;
			sourceTree = "<group>";
		};
		A7ADA81A269098B3002B1CB5 /* Football-League */ = {
			isa = PBXGroup;
			children = (
				A7ADA83826909A0E002B1CB5 /* Model */,
				A7ADA83726909A09002B1CB5 /* Core */,
				A7ADA836269099FD002B1CB5 /* Resources */,
				A7ADA835269099AA002B1CB5 /* NetworkLayer */,
				A7ADA82F269098F4002B1CB5 /* Scenes */,
				A7ADA8502690FEA0002B1CB5 /* Worker */,
				A7ADA8512690FEDC002B1CB5 /* Configuration */,
				A7ADA829269098B6002B1CB5 /* Info.plist */,
			);
			path = "Football-League";
			sourceTree = "<group>";
		};
		A7ADA82F269098F4002B1CB5 /* Scenes */ = {
			isa = PBXGroup;
			children = (
				A7ADA830269098FC002B1CB5 /* Premier League */,
				A7ADA83E26909CF0002B1CB5 /* Team Info */,
			);
			path = Scenes;
			sourceTree = "<group>";
		};
		A7ADA830269098FC002B1CB5 /* Premier League */ = {
			isa = PBXGroup;
			children = (
				A7ADA83926909B0C002B1CB5 /* TeamCell */,
				A7ADA84E2690AA08002B1CB5 /* PremierLeagueProtocol.swift */,
				A7ADA8312690992A002B1CB5 /* PremierLeagueVC.swift */,
				A7ADA84A2690A97E002B1CB5 /* PremierLeaguePresenter.swift */,
				A7ADA8472690A962002B1CB5 /* PremierLeagueInteractor.swift */,
				A7ADA84C2690A9A9002B1CB5 /* PremierLeagueRouter.swift */,
				A7ADA8322690992A002B1CB5 /* PremierLeagueVC.xib */,
			);
			path = "Premier League";
			sourceTree = "<group>";
		};
		A7ADA835269099AA002B1CB5 /* NetworkLayer */ = {
			isa = PBXGroup;
			children = (
				A7ADA8542690FFFB002B1CB5 /* Constants.swift */,
				A7ADA85D26910997002B1CB5 /* MoyaHelpers.swift */,
				A7ADA85F26910A18002B1CB5 /* TeamsService.swift */,
				A7ADA86126911664002B1CB5 /* AppError.swift */,
				A7ADA863269126C7002B1CB5 /* NetworkManger.swift */,
			);
			path = NetworkLayer;
			sourceTree = "<group>";
		};
		A7ADA836269099FD002B1CB5 /* Resources */ = {
			isa = PBXGroup;
			children = (
				A7ADA824269098B6002B1CB5 /* Assets.xcassets */,
				A7ADA826269098B6002B1CB5 /* LaunchScreen.storyboard */,
			);
			path = Resources;
			sourceTree = "<group>";
		};
		A7ADA83726909A09002B1CB5 /* Core */ = {
			isa = PBXGroup;
			children = (
				A7ADA86B2691ABF4002B1CB5 /* Helpers */,
				A7ADA8682691AB5A002B1CB5 /* Extentions */,
				A7ADA8672691AB47002B1CB5 /* ImageProcessor */,
				A7ADA81B269098B3002B1CB5 /* AppDelegate.swift */,
			);
			path = Core;
			sourceTree = "<group>";
		};
		A7ADA83826909A0E002B1CB5 /* Model */ = {
			isa = PBXGroup;
			children = (
				A7ADA8432690A718002B1CB5 /* TeamModel.swift */,
				A7ADA8452690A724002B1CB5 /* PlayerModel.swift */,
			);
			path = Model;
			sourceTree = "<group>";
		};
		A7ADA83926909B0C002B1CB5 /* TeamCell */ = {
			isa = PBXGroup;
			children = (
				A7ADA83A26909B28002B1CB5 /* TeamCell.swift */,
				A7ADA83B26909B28002B1CB5 /* TeamCell.xib */,
			);
			path = TeamCell;
			sourceTree = "<group>";
		};
		A7ADA83E26909CF0002B1CB5 /* Team Info */ = {
			isa = PBXGroup;
			children = (
				A7ADA83F26909D23002B1CB5 /* TeamInfoVC.swift */,
				A7ADA84026909D23002B1CB5 /* TeamInfoVC.xib */,
			);
			path = "Team Info";
			sourceTree = "<group>";
		};
		A7ADA8502690FEA0002B1CB5 /* Worker */ = {
			isa = PBXGroup;
			children = (
				A7ADA8522690FFAA002B1CB5 /* RemoteLeagueTeamsWorker.swift */,
			);
			path = Worker;
			sourceTree = "<group>";
		};
		A7ADA8512690FEDC002B1CB5 /* Configuration */ = {
			isa = PBXGroup;
			children = (
			);
			path = Configuration;
			sourceTree = "<group>";
		};
		A7ADA8672691AB47002B1CB5 /* ImageProcessor */ = {
			isa = PBXGroup;
			children = (
				A7ADA86526913E40002B1CB5 /* SVGImgProcessor.swift */,
			);
			path = ImageProcessor;
			sourceTree = "<group>";
		};
		A7ADA8682691AB5A002B1CB5 /* Extentions */ = {
			isa = PBXGroup;
			children = (
				A7ADA8692691AB79002B1CB5 /* UIIViewController+EX.swift */,
			);
			path = Extentions;
			sourceTree = "<group>";
		};
		A7ADA86B2691ABF4002B1CB5 /* Helpers */ = {
			isa = PBXGroup;
			children = (
				A7ADA86C2691AC17002B1CB5 /* AppHelper.swift */,
			);
			path = Helpers;
			sourceTree = "<group>";
		};
		E7DCDEC78C44B02F129719AC /* Frameworks */ = {
			isa = PBXGroup;
			children = (
				05064623BA5C2DF3BA3902E9 /* Pods_Football_League.framework */,
			);
			name = Frameworks;
			sourceTree = "<group>";
		};
/* End PBXGroup section */

/* Begin PBXNativeTarget section */
		A7ADA817269098B3002B1CB5 /* Football-League */ = {
			isa = PBXNativeTarget;
			buildConfigurationList = A7ADA82C269098B6002B1CB5 /* Build configuration list for PBXNativeTarget "Football-League" */;
			buildPhases = (
				D4A0CD557A1C5A42A2B8BBCF /* [CP] Check Pods Manifest.lock */,
				A7ADA814269098B3002B1CB5 /* Sources */,
				A7ADA815269098B3002B1CB5 /* Frameworks */,
				A7ADA816269098B3002B1CB5 /* Resources */,
				69A58A5E6B159E7188E8EB11 /* [CP] Embed Pods Frameworks */,
			);
			buildRules = (
			);
			dependencies = (
			);
			name = "Football-League";
			productName = "Football-League";
			productReference = A7ADA818269098B3002B1CB5 /* Football-League.app */;
			productType = "com.apple.product-type.application";
		};
/* End PBXNativeTarget section */

/* Begin PBXProject section */
		A7ADA810269098B3002B1CB5 /* Project object */ = {
			isa = PBXProject;
			attributes = {
				LastSwiftUpdateCheck = 1250;
				LastUpgradeCheck = 1250;
				TargetAttributes = {
					A7ADA817269098B3002B1CB5 = {
						CreatedOnToolsVersion = 12.5.1;
					};
				};
			};
			buildConfigurationList = A7ADA813269098B3002B1CB5 /* Build configuration list for PBXProject "Football-League" */;
			compatibilityVersion = "Xcode 9.3";
			developmentRegion = en;
			hasScannedForEncodings = 0;
			knownRegions = (
				en,
				Base,
			);
			mainGroup = A7ADA80F269098B3002B1CB5;
			productRefGroup = A7ADA819269098B3002B1CB5 /* Products */;
			projectDirPath = "";
			projectRoot = "";
			targets = (
				A7ADA817269098B3002B1CB5 /* Football-League */,
			);
		};
/* End PBXProject section */

/* Begin PBXResourcesBuildPhase section */
		A7ADA816269098B3002B1CB5 /* Resources */ = {
			isa = PBXResourcesBuildPhase;
			buildActionMask = 2147483647;
			files = (
				A7ADA83D26909B29002B1CB5 /* TeamCell.xib in Resources */,
				A7ADA828269098B6002B1CB5 /* LaunchScreen.storyboard in Resources */,
				A7ADA8342690992A002B1CB5 /* PremierLeagueVC.xib in Resources */,
				A7ADA84226909D23002B1CB5 /* TeamInfoVC.xib in Resources */,
				A7ADA825269098B6002B1CB5 /* Assets.xcassets in Resources */,
			);
			runOnlyForDeploymentPostprocessing = 0;
		};
/* End PBXResourcesBuildPhase section */

/* Begin PBXShellScriptBuildPhase section */
		69A58A5E6B159E7188E8EB11 /* [CP] Embed Pods Frameworks */ = {
			isa = PBXShellScriptBuildPhase;
			buildActionMask = 2147483647;
			files = (
			);
			inputFileListPaths = (
				"${PODS_ROOT}/Target Support Files/Pods-Football-League/Pods-Football-League-frameworks-${CONFIGURATION}-input-files.xcfilelist",
			);
			name = "[CP] Embed Pods Frameworks";
			outputFileListPaths = (
				"${PODS_ROOT}/Target Support Files/Pods-Football-League/Pods-Football-League-frameworks-${CONFIGURATION}-output-files.xcfilelist",
			);
			runOnlyForDeploymentPostprocessing = 0;
			shellPath = /bin/sh;
			shellScript = "\"${PODS_ROOT}/Target Support Files/Pods-Football-League/Pods-Football-League-frameworks.sh\"\n";
			showEnvVarsInLog = 0;
		};
		D4A0CD557A1C5A42A2B8BBCF /* [CP] Check Pods Manifest.lock */ = {
			isa = PBXShellScriptBuildPhase;
			buildActionMask = 2147483647;
			files = (
			);
			inputFileListPaths = (
			);
			inputPaths = (
				"${PODS_PODFILE_DIR_PATH}/Podfile.lock",
				"${PODS_ROOT}/Manifest.lock",
			);
			name = "[CP] Check Pods Manifest.lock";
			outputFileListPaths = (
			);
			outputPaths = (
				"$(DERIVED_FILE_DIR)/Pods-Football-League-checkManifestLockResult.txt",
			);
			runOnlyForDeploymentPostprocessing = 0;
			shellPath = /bin/sh;
			shellScript = "diff \"${PODS_PODFILE_DIR_PATH}/Podfile.lock\" \"${PODS_ROOT}/Manifest.lock\" > /dev/null\nif [ $? != 0 ] ; then\n    # print error to STDERR\n    echo \"error: The sandbox is not in sync with the Podfile.lock. Run 'pod install' or update your CocoaPods installation.\" >&2\n    exit 1\nfi\n# This output is used by Xcode 'outputs' to avoid re-running this script phase.\necho \"SUCCESS\" > \"${SCRIPT_OUTPUT_FILE_0}\"\n";
			showEnvVarsInLog = 0;
		};
/* End PBXShellScriptBuildPhase section */

/* Begin PBXSourcesBuildPhase section */
		A7ADA814269098B3002B1CB5 /* Sources */ = {
			isa = PBXSourcesBuildPhase;
			buildActionMask = 2147483647;
			files = (
				A7ADA86026910A18002B1CB5 /* TeamsService.swift in Sources */,
				A7ADA86A2691AB79002B1CB5 /* UIIViewController+EX.swift in Sources */,
				A7ADA8462690A724002B1CB5 /* PlayerModel.swift in Sources */,
				A7ADA86626913E40002B1CB5 /* SVGImgProcessor.swift in Sources */,
				A7ADA864269126C7002B1CB5 /* NetworkManger.swift in Sources */,
				A7ADA86226911664002B1CB5 /* AppError.swift in Sources */,
				A7ADA8332690992A002B1CB5 /* PremierLeagueVC.swift in Sources */,
				A7ADA8442690A718002B1CB5 /* TeamModel.swift in Sources */,
				A7ADA84F2690AA08002B1CB5 /* PremierLeagueProtocol.swift in Sources */,
				A7ADA86D2691AC17002B1CB5 /* AppHelper.swift in Sources */,
				A7ADA85E26910997002B1CB5 /* MoyaHelpers.swift in Sources */,
				A7ADA81C269098B3002B1CB5 /* AppDelegate.swift in Sources */,
				A7ADA83C26909B29002B1CB5 /* TeamCell.swift in Sources */,
				A7ADA84D2690A9A9002B1CB5 /* PremierLeagueRouter.swift in Sources */,
				A7ADA8482690A962002B1CB5 /* PremierLeagueInteractor.swift in Sources */,
				A7ADA84B2690A97E002B1CB5 /* PremierLeaguePresenter.swift in Sources */,
				A7ADA8532690FFAA002B1CB5 /* RemoteLeagueTeamsWorker.swift in Sources */,
				A7ADA84126909D23002B1CB5 /* TeamInfoVC.swift in Sources */,
				A7ADA8552690FFFB002B1CB5 /* Constants.swift in Sources */,
			);
			runOnlyForDeploymentPostprocessing = 0;
		};
/* End PBXSourcesBuildPhase section */

/* Begin PBXVariantGroup section */
		A7ADA826269098B6002B1CB5 /* LaunchScreen.storyboard */ = {
			isa = PBXVariantGroup;
			children = (
				A7ADA827269098B6002B1CB5 /* Base */,
			);
			name = LaunchScreen.storyboard;
			sourceTree = "<group>";
		};
/* End PBXVariantGroup section */

/* Begin XCBuildConfiguration section */
		A7ADA82A269098B6002B1CB5 /* Debug */ = {
			isa = XCBuildConfiguration;
			buildSettings = {
				ALWAYS_SEARCH_USER_PATHS = NO;
				CLANG_ANALYZER_NONNULL = YES;
				CLANG_ANALYZER_NUMBER_OBJECT_CONVERSION = YES_AGGRESSIVE;
				CLANG_CXX_LANGUAGE_STANDARD = "gnu++14";
				CLANG_CXX_LIBRARY = "libc++";
				CLANG_ENABLE_MODULES = YES;
				CLANG_ENABLE_OBJC_ARC = YES;
				CLANG_ENABLE_OBJC_WEAK = YES;
				CLANG_WARN_BLOCK_CAPTURE_AUTORELEASING = YES;
				CLANG_WARN_BOOL_CONVERSION = YES;
				CLANG_WARN_COMMA = YES;
				CLANG_WARN_CONSTANT_CONVERSION = YES;
				CLANG_WARN_DEPRECATED_OBJC_IMPLEMENTATIONS = YES;
				CLANG_WARN_DIRECT_OBJC_ISA_USAGE = YES_ERROR;
				CLANG_WARN_DOCUMENTATION_COMMENTS = YES;
				CLANG_WARN_EMPTY_BODY = YES;
				CLANG_WARN_ENUM_CONVERSION = YES;
				CLANG_WARN_INFINITE_RECURSION = YES;
				CLANG_WARN_INT_CONVERSION = YES;
				CLANG_WARN_NON_LITERAL_NULL_CONVERSION = YES;
				CLANG_WARN_OBJC_IMPLICIT_RETAIN_SELF = YES;
				CLANG_WARN_OBJC_LITERAL_CONVERSION = YES;
				CLANG_WARN_OBJC_ROOT_CLASS = YES_ERROR;
				CLANG_WARN_QUOTED_INCLUDE_IN_FRAMEWORK_HEADER = YES;
				CLANG_WARN_RANGE_LOOP_ANALYSIS = YES;
				CLANG_WARN_STRICT_PROTOTYPES = YES;
				CLANG_WARN_SUSPICIOUS_MOVE = YES;
				CLANG_WARN_UNGUARDED_AVAILABILITY = YES_AGGRESSIVE;
				CLANG_WARN_UNREACHABLE_CODE = YES;
				CLANG_WARN__DUPLICATE_METHOD_MATCH = YES;
				COPY_PHASE_STRIP = NO;
				DEBUG_INFORMATION_FORMAT = dwarf;
				ENABLE_STRICT_OBJC_MSGSEND = YES;
				ENABLE_TESTABILITY = YES;
				GCC_C_LANGUAGE_STANDARD = gnu11;
				GCC_DYNAMIC_NO_PIC = NO;
				GCC_NO_COMMON_BLOCKS = YES;
				GCC_OPTIMIZATION_LEVEL = 0;
				GCC_PREPROCESSOR_DEFINITIONS = (
					"DEBUG=1",
					"$(inherited)",
				);
				GCC_WARN_64_TO_32_BIT_CONVERSION = YES;
				GCC_WARN_ABOUT_RETURN_TYPE = YES_ERROR;
				GCC_WARN_UNDECLARED_SELECTOR = YES;
				GCC_WARN_UNINITIALIZED_AUTOS = YES_AGGRESSIVE;
				GCC_WARN_UNUSED_FUNCTION = YES;
				GCC_WARN_UNUSED_VARIABLE = YES;
				IPHONEOS_DEPLOYMENT_TARGET = 14.5;
				MTL_ENABLE_DEBUG_INFO = INCLUDE_SOURCE;
				MTL_FAST_MATH = YES;
				ONLY_ACTIVE_ARCH = YES;
				SDKROOT = iphoneos;
				SWIFT_ACTIVE_COMPILATION_CONDITIONS = DEBUG;
				SWIFT_OPTIMIZATION_LEVEL = "-Onone";
			};
			name = Debug;
		};
		A7ADA82B269098B6002B1CB5 /* Release */ = {
			isa = XCBuildConfiguration;
			buildSettings = {
				ALWAYS_SEARCH_USER_PATHS = NO;
				CLANG_ANALYZER_NONNULL = YES;
				CLANG_ANALYZER_NUMBER_OBJECT_CONVERSION = YES_AGGRESSIVE;
				CLANG_CXX_LANGUAGE_STANDARD = "gnu++14";
				CLANG_CXX_LIBRARY = "libc++";
				CLANG_ENABLE_MODULES = YES;
				CLANG_ENABLE_OBJC_ARC = YES;
				CLANG_ENABLE_OBJC_WEAK = YES;
				CLANG_WARN_BLOCK_CAPTURE_AUTORELEASING = YES;
				CLANG_WARN_BOOL_CONVERSION = YES;
				CLANG_WARN_COMMA = YES;
				CLANG_WARN_CONSTANT_CONVERSION = YES;
				CLANG_WARN_DEPRECATED_OBJC_IMPLEMENTATIONS = YES;
				CLANG_WARN_DIRECT_OBJC_ISA_USAGE = YES_ERROR;
				CLANG_WARN_DOCUMENTATION_COMMENTS = YES;
				CLANG_WARN_EMPTY_BODY = YES;
				CLANG_WARN_ENUM_CONVERSION = YES;
				CLANG_WARN_INFINITE_RECURSION = YES;
				CLANG_WARN_INT_CONVERSION = YES;
				CLANG_WARN_NON_LITERAL_NULL_CONVERSION = YES;
				CLANG_WARN_OBJC_IMPLICIT_RETAIN_SELF = YES;
				CLANG_WARN_OBJC_LITERAL_CONVERSION = YES;
				CLANG_WARN_OBJC_ROOT_CLASS = YES_ERROR;
				CLANG_WARN_QUOTED_INCLUDE_IN_FRAMEWORK_HEADER = YES;
				CLANG_WARN_RANGE_LOOP_ANALYSIS = YES;
				CLANG_WARN_STRICT_PROTOTYPES = YES;
				CLANG_WARN_SUSPICIOUS_MOVE = YES;
				CLANG_WARN_UNGUARDED_AVAILABILITY = YES_AGGRESSIVE;
				CLANG_WARN_UNREACHABLE_CODE = YES;
				CLANG_WARN__DUPLICATE_METHOD_MATCH = YES;
				COPY_PHASE_STRIP = NO;
				DEBUG_INFORMATION_FORMAT = "dwarf-with-dsym";
				ENABLE_NS_ASSERTIONS = NO;
				ENABLE_STRICT_OBJC_MSGSEND = YES;
				GCC_C_LANGUAGE_STANDARD = gnu11;
				GCC_NO_COMMON_BLOCKS = YES;
				GCC_WARN_64_TO_32_BIT_CONVERSION = YES;
				GCC_WARN_ABOUT_RETURN_TYPE = YES_ERROR;
				GCC_WARN_UNDECLARED_SELECTOR = YES;
				GCC_WARN_UNINITIALIZED_AUTOS = YES_AGGRESSIVE;
				GCC_WARN_UNUSED_FUNCTION = YES;
				GCC_WARN_UNUSED_VARIABLE = YES;
				IPHONEOS_DEPLOYMENT_TARGET = 14.5;
				MTL_ENABLE_DEBUG_INFO = NO;
				MTL_FAST_MATH = YES;
				SDKROOT = iphoneos;
				SWIFT_COMPILATION_MODE = wholemodule;
				SWIFT_OPTIMIZATION_LEVEL = "-O";
				VALIDATE_PRODUCT = YES;
			};
			name = Release;
		};
		A7ADA82D269098B6002B1CB5 /* Debug */ = {
			isa = XCBuildConfiguration;
			baseConfigurationReference = 061D054781B6A20EAA753033 /* Pods-Football-League.debug.xcconfig */;
			buildSettings = {
				ASSETCATALOG_COMPILER_APPICON_NAME = AppIcon;
				ASSETCATALOG_COMPILER_GLOBAL_ACCENT_COLOR_NAME = AccentColor;
				CODE_SIGN_STYLE = Automatic;
				INFOPLIST_FILE = "Football-League/Info.plist";
				LD_RUNPATH_SEARCH_PATHS = (
					"$(inherited)",
					"@executable_path/Frameworks",
				);
				PRODUCT_BUNDLE_IDENTIFIER = "com.mahoudabdelwahab199390.Football-League.Football-League";
				PRODUCT_NAME = "$(TARGET_NAME)";
				SWIFT_VERSION = 5.0;
				TARGETED_DEVICE_FAMILY = "1,2";
			};
			name = Debug;
		};
		A7ADA82E269098B6002B1CB5 /* Release */ = {
			isa = XCBuildConfiguration;
			baseConfigurationReference = CAAB33BD193DADCA3160250C /* Pods-Football-League.release.xcconfig */;
			buildSettings = {
				ASSETCATALOG_COMPILER_APPICON_NAME = AppIcon;
				ASSETCATALOG_COMPILER_GLOBAL_ACCENT_COLOR_NAME = AccentColor;
				CODE_SIGN_STYLE = Automatic;
				INFOPLIST_FILE = "Football-League/Info.plist";
				LD_RUNPATH_SEARCH_PATHS = (
					"$(inherited)",
					"@executable_path/Frameworks",
				);
				PRODUCT_BUNDLE_IDENTIFIER = "com.mahoudabdelwahab199390.Football-League.Football-League";
				PRODUCT_NAME = "$(TARGET_NAME)";
				SWIFT_VERSION = 5.0;
				TARGETED_DEVICE_FAMILY = "1,2";
			};
			name = Release;
		};
/* End XCBuildConfiguration section */

/* Begin XCConfigurationList section */
		A7ADA813269098B3002B1CB5 /* Build configuration list for PBXProject "Football-League" */ = {
			isa = XCConfigurationList;
			buildConfigurations = (
				A7ADA82A269098B6002B1CB5 /* Debug */,
				A7ADA82B269098B6002B1CB5 /* Release */,
			);
			defaultConfigurationIsVisible = 0;
			defaultConfigurationName = Release;
		};
		A7ADA82C269098B6002B1CB5 /* Build configuration list for PBXNativeTarget "Football-League" */ = {
			isa = XCConfigurationList;
			buildConfigurations = (
				A7ADA82D269098B6002B1CB5 /* Debug */,
				A7ADA82E269098B6002B1CB5 /* Release */,
			);
			defaultConfigurationIsVisible = 0;
			defaultConfigurationName = Release;
		};
/* End XCConfigurationList section */
	};
	rootObject = A7ADA810269098B3002B1CB5 /* Project object */;
}
